// !$*UTF8*$!
{
	archiveVersion = 1;
	classes = {
	};
	objectVersion = 46;
	objects = {

/* Begin PBXFileReference section */
		65FEB8A01EA3AF820096FF79 /* Tane.cpp */ = {isa = PBXFileReference; lastKnownFileType = sourcecode.cpp.cpp; path = Tane.cpp; sourceTree = "<group>"; };
		65FEB8A11EA3AF820096FF79 /* Tane.hpp */ = {isa = PBXFileReference; lastKnownFileType = sourcecode.cpp.h; path = Tane.hpp; sourceTree = "<group>"; };
		65FEB8A21EA3B4D90096FF79 /* Level.cpp */ = {isa = PBXFileReference; lastKnownFileType = sourcecode.cpp.cpp; path = Level.cpp; sourceTree = "<group>"; };
		65FEB8A31EA3B4D90096FF79 /* Level.hpp */ = {isa = PBXFileReference; lastKnownFileType = sourcecode.cpp.h; path = Level.hpp; sourceTree = "<group>"; };
		65FEB8A41EA3BBEC0096FF79 /* Node.cpp */ = {isa = PBXFileReference; lastKnownFileType = sourcecode.cpp.cpp; path = Node.cpp; sourceTree = "<group>"; };
		65FEB8A51EA3BBEC0096FF79 /* Node.hpp */ = {isa = PBXFileReference; lastKnownFileType = sourcecode.cpp.h; path = Node.hpp; sourceTree = "<group>"; };
/* End PBXFileReference section */

/* Begin PBXGroup section */
		65FEB8991EA3AF410096FF79 = {
			isa = PBXGroup;
			children = (
				65FEB8A41EA3BBEC0096FF79 /* Node.cpp */,
				65FEB8A51EA3BBEC0096FF79 /* Node.hpp */,
				65FEB8A21EA3B4D90096FF79 /* Level.cpp */,
				65FEB8A31EA3B4D90096FF79 /* Level.hpp */,
				65FEB8A01EA3AF820096FF79 /* Tane.cpp */,
				65FEB8A11EA3AF820096FF79 /* Tane.hpp */,
			);
			sourceTree = "<group>";
		};
/* End PBXGroup section */

/* Begin PBXProject section */
		65FEB89A1EA3AF410096FF79 /* Project object */ = {
			isa = PBXProject;
			attributes = {
				LastUpgradeCheck = 0700;
			};
			buildConfigurationList = 65FEB89D1EA3AF410096FF79 /* Build configuration list for PBXProject "FD" */;
			compatibilityVersion = "Xcode 3.2";
			developmentRegion = English;
			hasScannedForEncodings = 0;
			knownRegions = (
				en,
			);
			mainGroup = 65FEB8991EA3AF410096FF79;
			projectDirPath = "";
			projectRoot = "";
			targets = (
			);
		};
/* End PBXProject section */

/* Begin XCBuildConfiguration section */
		65FEB89E1EA3AF410096FF79 /* Debug */ = {
			isa = XCBuildConfiguration;
			buildSettings = {
			};
			name = Debug;
		};
		65FEB89F1EA3AF410096FF79 /* Release */ = {
			isa = XCBuildConfiguration;
			buildSettings = {
			};
			name = Release;
		};
/* End XCBuildConfiguration section */

/* Begin XCConfigurationList section */
		65FEB89D1EA3AF410096FF79 /* Build configuration list for PBXProject "FD" */ = {
			isa = XCConfigurationList;
			buildConfigurations = (
				65FEB89E1EA3AF410096FF79 /* Debug */,
				65FEB89F1EA3AF410096FF79 /* Release */,
			);
			defaultConfigurationIsVisible = 0;
			defaultConfigurationName = Release;
		};
/* End XCConfigurationList section */
	};
	rootObject = 65FEB89A1EA3AF410096FF79 /* Project object */;
}
